
Microsoft Visual Studio Solution File, Format Version 12.00
# Visual Studio Version 16
VisualStudioVersion = 16.0.29215.179
MinimumVisualStudioVersion = 10.0.40219.1
Project("{FAE04EC0-301F-11D3-BF4B-00C04F79EFBC}") = "Shared", "Shared\Shared.csproj", "{5DDE0810-B3AE-475D-83DD-DD8C7E881DB7}"
EndProject
Project("{FAE04EC0-301F-11D3-BF4B-00C04F79EFBC}") = "RoboGuiCopy.Wpf", "RoboGuiCopy.Wpf\RoboGuiCopy.Wpf.csproj", "{9FB3A188-B5F3-496B-9C4C-E97CCEC88C60}"
EndProject
Project("{FAE04EC0-301F-11D3-BF4B-00C04F79EFBC}") = "RoboGuiCopy.Uwp", "RoboGuiCopy.Uwp\RoboGuiCopy.Uwp.csproj", "{2D56A4D9-0108-4D66-80A2-4723C0F7FFD9}"
EndProject
Global
	GlobalSection(SolutionConfigurationPlatforms) = preSolution
		Debug|Any CPU = Debug|Any CPU
		Debug|ARM = Debug|ARM
		Debug|ARM64 = Debug|ARM64
		Debug|x64 = Debug|x64
		Debug|x86 = Debug|x86
		Release|Any CPU = Release|Any CPU
		Release|ARM = Release|ARM
		Release|ARM64 = Release|ARM64
		Release|x64 = Release|x64
		Release|x86 = Release|x86
	EndGlobalSection
	GlobalSection(ProjectConfigurationPlatforms) = postSolution
		{5DDE0810-B3AE-475D-83DD-DD8C7E881DB7}.Debug|Any CPU.ActiveCfg = Debug|Any CPU
		{5DDE0810-B3AE-475D-83DD-DD8C7E881DB7}.Debug|Any CPU.Build.0 = Debug|Any CPU
		{5DDE0810-B3AE-475D-83DD-DD8C7E881DB7}.Debug|ARM.ActiveCfg = Debug|Any CPU
		{5DDE0810-B3AE-475D-83DD-DD8C7E881DB7}.Debug|ARM.Build.0 = Debug|Any CPU
		{5DDE0810-B3AE-475D-83DD-DD8C7E881DB7}.Debug|ARM64.ActiveCfg = Debug|Any CPU
		{5DDE0810-B3AE-475D-83DD-DD8C7E881DB7}.Debug|ARM64.Build.0 = Debug|Any CPU
		{5DDE0810-B3AE-475D-83DD-DD8C7E881DB7}.Debug|x64.ActiveCfg = Debug|Any CPU
		{5DDE0810-B3AE-475D-83DD-DD8C7E881DB7}.Debug|x64.Build.0 = Debug|Any CPU
		{5DDE0810-B3AE-475D-83DD-DD8C7E881DB7}.Debug|x86.ActiveCfg = Debug|Any CPU
		{5DDE0810-B3AE-475D-83DD-DD8C7E881DB7}.Debug|x86.Build.0 = Debug|Any CPU
		{5DDE0810-B3AE-475D-83DD-DD8C7E881DB7}.Release|Any CPU.ActiveCfg = Release|Any CPU
		{5DDE0810-B3AE-475D-83DD-DD8C7E881DB7}.Release|Any CPU.Build.0 = Release|Any CPU
		{5DDE0810-B3AE-475D-83DD-DD8C7E881DB7}.Release|ARM.ActiveCfg = Release|Any CPU
		{5DDE0810-B3AE-475D-83DD-DD8C7E881DB7}.Release|ARM.Build.0 = Release|Any CPU
		{5DDE0810-B3AE-475D-83DD-DD8C7E881DB7}.Release|ARM64.ActiveCfg = Release|Any CPU
		{5DDE0810-B3AE-475D-83DD-DD8C7E881DB7}.Release|ARM64.Build.0 = Release|Any CPU
		{5DDE0810-B3AE-475D-83DD-DD8C7E881DB7}.Release|x64.ActiveCfg = Release|Any CPU
		{5DDE0810-B3AE-475D-83DD-DD8C7E881DB7}.Release|x64.Build.0 = Release|Any CPU
		{5DDE0810-B3AE-475D-83DD-DD8C7E881DB7}.Release|x86.ActiveCfg = Release|Any CPU
		{5DDE0810-B3AE-475D-83DD-DD8C7E881DB7}.Release|x86.Build.0 = Release|Any CPU
		{9FB3A188-B5F3-496B-9C4C-E97CCEC88C60}.Debug|Any CPU.ActiveCfg = Debug|Any CPU
		{9FB3A188-B5F3-496B-9C4C-E97CCEC88C60}.Debug|Any CPU.Build.0 = Debug|Any CPU
		{9FB3A188-B5F3-496B-9C4C-E97CCEC88C60}.Debug|ARM.ActiveCfg = Debug|Any CPU
		{9FB3A188-B5F3-496B-9C4C-E97CCEC88C60}.Debug|ARM.Build.0 = Debug|Any CPU
		{9FB3A188-B5F3-496B-9C4C-E97CCEC88C60}.Debug|ARM64.ActiveCfg = Debug|Any CPU
		{9FB3A188-B5F3-496B-9C4C-E97CCEC88C60}.Debug|ARM64.Build.0 = Debug|Any CPU
		{9FB3A188-B5F3-496B-9C4C-E97CCEC88C60}.Debug|x64.ActiveCfg = Debug|Any CPU
		{9FB3A188-B5F3-496B-9C4C-E97CCEC88C60}.Debug|x64.Build.0 = Debug|Any CPU
		{9FB3A188-B5F3-496B-9C4C-E97CCEC88C60}.Debug|x86.ActiveCfg = Debug|Any CPU
		{9FB3A188-B5F3-496B-9C4C-E97CCEC88C60}.Debug|x86.Build.0 = Debug|Any CPU
		{9FB3A188-B5F3-496B-9C4C-E97CCEC88C60}.Release|Any CPU.ActiveCfg = Release|Any CPU
		{9FB3A188-B5F3-496B-9C4C-E97CCEC88C60}.Release|Any CPU.Build.0 = Release|Any CPU
		{9FB3A188-B5F3-496B-9C4C-E97CCEC88C60}.Release|ARM.ActiveCfg = Release|Any CPU
		{9FB3A188-B5F3-496B-9C4C-E97CCEC88C60}.Release|ARM.Build.0 = Release|Any CPU
		{9FB3A188-B5F3-496B-9C4C-E97CCEC88C60}.Release|ARM64.ActiveCfg = Release|Any CPU
		{9FB3A188-B5F3-496B-9C4C-E97CCEC88C60}.Release|ARM64.Build.0 = Release|Any CPU
		{9FB3A188-B5F3-496B-9C4C-E97CCEC88C60}.Release|x64.ActiveCfg = Release|Any CPU
		{9FB3A188-B5F3-496B-9C4C-E97CCEC88C60}.Release|x64.Build.0 = Release|Any CPU
		{9FB3A188-B5F3-496B-9C4C-E97CCEC88C60}.Release|x86.ActiveCfg = Release|Any CPU
		{9FB3A188-B5F3-496B-9C4C-E97CCEC88C60}.Release|x86.Build.0 = Release|Any CPU
		{2D56A4D9-0108-4D66-80A2-4723C0F7FFD9}.Debug|Any CPU.ActiveCfg = Debug|x86
		{2D56A4D9-0108-4D66-80A2-4723C0F7FFD9}.Debug|ARM.ActiveCfg = Debug|ARM
		{2D56A4D9-0108-4D66-80A2-4723C0F7FFD9}.Debug|ARM.Build.0 = Debug|ARM
		{2D56A4D9-0108-4D66-80A2-4723C0F7FFD9}.Debug|ARM.Deploy.0 = Debug|ARM
		{2D56A4D9-0108-4D66-80A2-4723C0F7FFD9}.Debug|ARM64.ActiveCfg = Debug|ARM64
		{2D56A4D9-0108-4D66-80A2-4723C0F7FFD9}.Debug|ARM64.Build.0 = Debug|ARM64
		{2D56A4D9-0108-4D66-80A2-4723C0F7FFD9}.Debug|ARM64.Deploy.0 = Debug|ARM64
		{2D56A4D9-0108-4D66-80A2-4723C0F7FFD9}.Debug|x64.ActiveCfg = Debug|x64
		{2D56A4D9-0108-4D66-80A2-4723C0F7FFD9}.Debug|x64.Build.0 = Debug|x64
		{2D56A4D9-0108-4D66-80A2-4723C0F7FFD9}.Debug|x64.Deploy.0 = Debug|x64
		{2D56A4D9-0108-4D66-80A2-4723C0F7FFD9}.Debug|x86.ActiveCfg = Debug|x86
		{2D56A4D9-0108-4D66-80A2-4723C0F7FFD9}.Debug|x86.Build.0 = Debug|x86
		{2D56A4D9-0108-4D66-80A2-4723C0F7FFD9}.Debug|x86.Deploy.0 = Debug|x86
		{2D56A4D9-0108-4D66-80A2-4723C0F7FFD9}.Release|Any CPU.ActiveCfg = Release|x86
		{2D56A4D9-0108-4D66-80A2-4723C0F7FFD9}.Release|ARM.ActiveCfg = Release|ARM
		{2D56A4D9-0108-4D66-80A2-4723C0F7FFD9}.Release|ARM.Build.0 = Release|ARM
		{2D56A4D9-0108-4D66-80A2-4723C0F7FFD9}.Release|ARM.Deploy.0 = Release|ARM
		{2D56A4D9-0108-4D66-80A2-4723C0F7FFD9}.Release|ARM64.ActiveCfg = Release|ARM64
		{2D56A4D9-0108-4D66-80A2-4723C0F7FFD9}.Release|ARM64.Build.0 = Release|ARM64
		{2D56A4D9-0108-4D66-80A2-4723C0F7FFD9}.Release|ARM64.Deploy.0 = Release|ARM64
		{2D56A4D9-0108-4D66-80A2-4723C0F7FFD9}.Release|x64.ActiveCfg = Release|x64
		{2D56A4D9-0108-4D66-80A2-4723C0F7FFD9}.Release|x64.Build.0 = Release|x64
		{2D56A4D9-0108-4D66-80A2-4723C0F7FFD9}.Release|x64.Deploy.0 = Release|x64
		{2D56A4D9-0108-4D66-80A2-4723C0F7FFD9}.Release|x86.ActiveCfg = Release|x86
		{2D56A4D9-0108-4D66-80A2-4723C0F7FFD9}.Release|x86.Build.0 = Release|x86
		{2D56A4D9-0108-4D66-80A2-4723C0F7FFD9}.Release|x86.Deploy.0 = Release|x86
	EndGlobalSection
	GlobalSection(SolutionProperties) = preSolution
		HideSolutionNode = FALSE
	EndGlobalSection
	GlobalSection(ExtensibilityGlobals) = postSolution
		SolutionGuid = {469C3611-A686-46A6-8DFB-1B296731F32B}
	EndGlobalSection
EndGlobal
